
Microsoft Visual Studio Solution File, Format Version 12.00
Project("{FAE04EC0-301F-11D3-BF4B-00C04F79EFBC}") = "MapleSyrup", "MapleSyrup\MapleSyrup.csproj", "{7305FEAE-54E9-4A90-9D60-0B65DF6E6947}"
EndProject
Project("{2150E333-8FDC-42A3-9474-1A3956D46DE8}") = "Server", "Server", "{F029D143-954D-44FC-A35A-121D90CF8E2E}"
EndProject
Project("{2150E333-8FDC-42A3-9474-1A3956D46DE8}") = "Game", "Game", "{5B5FA293-C8BA-469B-BE93-1E3886C5FE5C}"
EndProject
Project("{FAE04EC0-301F-11D3-BF4B-00C04F79EFBC}") = "GameServer", "GameServer\GameServer.csproj", "{270508AD-4250-4B79-A046-BA5182907B1F}"
EndProject
Project("{FAE04EC0-301F-11D3-BF4B-00C04F79EFBC}") = "MapleSyrup.NX", "MapleSyrup.NX\MapleSyrup.NX.csproj", "{E7D84E36-F32B-4D9D-9DBE-D66500EFD4EE}"
EndProject
Project("{2150E333-8FDC-42A3-9474-1A3956D46DE8}") = "Common", "Common", "{B75DFA7B-0653-43B5-A39E-B60B77114B96}"
EndProject
Project("{FAE04EC0-301F-11D3-BF4B-00C04F79EFBC}") = "MapGenerator", "MapGenerator\MapGenerator.csproj", "{5DCA9AB8-14CB-45EC-B667-5F6944B3121D}"
EndProject
Project("{2150E333-8FDC-42A3-9474-1A3956D46DE8}") = "Tools", "Tools", "{16C553F7-E6D6-4EC1-979D-AE71469F36FB}"
EndProject
Project("{FAE04EC0-301F-11D3-BF4B-00C04F79EFBC}") = "MapleSyrup.Networking", "MapleSyrup.Networking\MapleSyrup.Networking.csproj", "{4B59870A-F8A6-4C9B-A33D-6B5EDAC4D15E}"
EndProject
Global
	GlobalSection(SolutionConfigurationPlatforms) = preSolution
		Debug|Any CPU = Debug|Any CPU
		Release|Any CPU = Release|Any CPU
	EndGlobalSection
	GlobalSection(ProjectConfigurationPlatforms) = postSolution
		{7305FEAE-54E9-4A90-9D60-0B65DF6E6947}.Debug|Any CPU.ActiveCfg = Debug|Any CPU
		{7305FEAE-54E9-4A90-9D60-0B65DF6E6947}.Debug|Any CPU.Build.0 = Debug|Any CPU
		{7305FEAE-54E9-4A90-9D60-0B65DF6E6947}.Release|Any CPU.ActiveCfg = Release|Any CPU
		{7305FEAE-54E9-4A90-9D60-0B65DF6E6947}.Release|Any CPU.Build.0 = Release|Any CPU
		{270508AD-4250-4B79-A046-BA5182907B1F}.Debug|Any CPU.ActiveCfg = Debug|Any CPU
		{270508AD-4250-4B79-A046-BA5182907B1F}.Debug|Any CPU.Build.0 = Debug|Any CPU
		{270508AD-4250-4B79-A046-BA5182907B1F}.Release|Any CPU.ActiveCfg = Release|Any CPU
		{270508AD-4250-4B79-A046-BA5182907B1F}.Release|Any CPU.Build.0 = Release|Any CPU
		{E7D84E36-F32B-4D9D-9DBE-D66500EFD4EE}.Debug|Any CPU.ActiveCfg = Debug|Any CPU
		{E7D84E36-F32B-4D9D-9DBE-D66500EFD4EE}.Debug|Any CPU.Build.0 = Debug|Any CPU
		{E7D84E36-F32B-4D9D-9DBE-D66500EFD4EE}.Release|Any CPU.ActiveCfg = Release|Any CPU
		{E7D84E36-F32B-4D9D-9DBE-D66500EFD4EE}.Release|Any CPU.Build.0 = Release|Any CPU
		{5DCA9AB8-14CB-45EC-B667-5F6944B3121D}.Debug|Any CPU.ActiveCfg = Debug|Any CPU
		{5DCA9AB8-14CB-45EC-B667-5F6944B3121D}.Debug|Any CPU.Build.0 = Debug|Any CPU
		{5DCA9AB8-14CB-45EC-B667-5F6944B3121D}.Release|Any CPU.ActiveCfg = Release|Any CPU
		{5DCA9AB8-14CB-45EC-B667-5F6944B3121D}.Release|Any CPU.Build.0 = Release|Any CPU
		{4B59870A-F8A6-4C9B-A33D-6B5EDAC4D15E}.Debug|Any CPU.ActiveCfg = Debug|Any CPU
		{4B59870A-F8A6-4C9B-A33D-6B5EDAC4D15E}.Debug|Any CPU.Build.0 = Debug|Any CPU
		{4B59870A-F8A6-4C9B-A33D-6B5EDAC4D15E}.Release|Any CPU.ActiveCfg = Release|Any CPU
		{4B59870A-F8A6-4C9B-A33D-6B5EDAC4D15E}.Release|Any CPU.Build.0 = Release|Any CPU
	EndGlobalSection
	GlobalSection(NestedProjects) = preSolution
		{7305FEAE-54E9-4A90-9D60-0B65DF6E6947} = {5B5FA293-C8BA-469B-BE93-1E3886C5FE5C}
		{270508AD-4250-4B79-A046-BA5182907B1F} = {F029D143-954D-44FC-A35A-121D90CF8E2E}
		{E7D84E36-F32B-4D9D-9DBE-D66500EFD4EE} = {B75DFA7B-0653-43B5-A39E-B60B77114B96}
		{5DCA9AB8-14CB-45EC-B667-5F6944B3121D} = {16C553F7-E6D6-4EC1-979D-AE71469F36FB}
		{4B59870A-F8A6-4C9B-A33D-6B5EDAC4D15E} = {B75DFA7B-0653-43B5-A39E-B60B77114B96}
	EndGlobalSection
EndGlobal
