
Microsoft Visual Studio Solution File, Format Version 12.00
Project("{FAE04EC0-301F-11D3-BF4B-00C04F79EFBC}") = "MapleSyrup", "MapleSyrup\MapleSyrup.csproj", "{E8337388-07F4-4C99-950C-EC0E8E56F888}"
EndProject
Project("{FAE04EC0-301F-11D3-BF4B-00C04F79EFBC}") = "MSClient", "MSClient\MSClient.csproj", "{7305FEAE-54E9-4A90-9D60-0B65DF6E6947}"
EndProject
Project("{FAE04EC0-301F-11D3-BF4B-00C04F79EFBC}") = "FNA.Core", "FNA\FNA.Core.csproj", "{BA571374-9123-41EE-8702-2B4F81189756}"
EndProject
Global
	GlobalSection(SolutionConfigurationPlatforms) = preSolution
		Debug|Any CPU = Debug|Any CPU
		Release|Any CPU = Release|Any CPU
	EndGlobalSection
	GlobalSection(ProjectConfigurationPlatforms) = postSolution
		{E8337388-07F4-4C99-950C-EC0E8E56F888}.Debug|Any CPU.ActiveCfg = Debug|Any CPU
		{E8337388-07F4-4C99-950C-EC0E8E56F888}.Debug|Any CPU.Build.0 = Debug|Any CPU
		{E8337388-07F4-4C99-950C-EC0E8E56F888}.Release|Any CPU.ActiveCfg = Release|Any CPU
		{E8337388-07F4-4C99-950C-EC0E8E56F888}.Release|Any CPU.Build.0 = Release|Any CPU
		{7305FEAE-54E9-4A90-9D60-0B65DF6E6947}.Debug|Any CPU.ActiveCfg = Debug|Any CPU
		{7305FEAE-54E9-4A90-9D60-0B65DF6E6947}.Debug|Any CPU.Build.0 = Debug|Any CPU
		{7305FEAE-54E9-4A90-9D60-0B65DF6E6947}.Release|Any CPU.ActiveCfg = Release|Any CPU
		{7305FEAE-54E9-4A90-9D60-0B65DF6E6947}.Release|Any CPU.Build.0 = Release|Any CPU
		{BA571374-9123-41EE-8702-2B4F81189756}.Debug|Any CPU.ActiveCfg = Debug|x64
		{BA571374-9123-41EE-8702-2B4F81189756}.Debug|Any CPU.Build.0 = Debug|x64
		{BA571374-9123-41EE-8702-2B4F81189756}.Release|Any CPU.ActiveCfg = Release|x64
		{BA571374-9123-41EE-8702-2B4F81189756}.Release|Any CPU.Build.0 = Release|x64
	EndGlobalSection
EndGlobal
